{
  "name": "Divination_app",
  "lockfileVersion": 3,
  "requires": true,
  "packages": {
    "": {
      "devDependencies": {
        "supabase": "^2.104.0"
      }
    },
    "node_modules/@supabase/cli-darwin-arm64": {
      "version": "2.104.0",
      "resolved": "https://registry.npmjs.org/@supabase/cli-darwin-arm64/-/cli-darwin-arm64-2.104.0.tgz",
      "integrity": "sha512-cFCNtrdfDvaNFR28PEsokuZfxCFSfDJOrzKZOEAR7WbygNRRABd4ufw6GWGHm+djshM5nDkv72et+isTFK63kw==",
      "cpu": [
        "arm64"
      ],
      "dev": true,
      "license": "MIT",
      "optional": true,
      "os": [
        "darwin"
      ]
    },
    "node_modules/@supabase/cli-darwin-x64": {
      "version": "2.104.0",
      "resolved": "https://registry.npmjs.org/@supabase/cli-darwin-x64/-/cli-darwin-x64-2.104.0.tgz",
      "integrity": "sha512-jX4vUCfMxUb/juhEqlAY6kKueHlXaoK2SbuRxaIWaYVhtxX0HVyC6Jg4dxyIoGCj9QdKpTkDkZYBBHbSy39QIA==",
      "cpu": [
        "x64"
      ],
      "dev": true,
      "license": "MIT",
      "optional": true,
      "os": [
        "darwin"
      ]
    },
    "node_modules/@supabase/cli-linux-arm64": {
      "version": "2.104.0",
      "resolved": "https://registry.npmjs.org/@supabase/cli-linux-arm64/-/cli-linux-arm64-2.104.0.tgz",
      "integrity": "sha512-3t4DMk6rCb/6Ujk6M4z41Et3ar/gQCqprsJ7rXYdTF98eTCmbk1wr6qz3CoA0A4/CoZfyw4iF9vY5iRdVbDiNw==",
      "cpu": [
        "arm64"
      ],
      "dev": true,
      "license": "MIT",
      "optional": true,
      "os": [
        "linux"
      ]
    },
    "node_modules/@supabase/cli-linux-arm64-musl": {
      "version": "2.104.0",
      "resolved": "https://registry.npmjs.org/@supabase/cli-linux-arm64-musl/-/cli-linux-arm64-musl-2.104.0.tgz",
      "integrity": "sha512-ELG6O67UHn+9+nADtvFUyHWs78A5cPEWlEA5tBgknTsMp4dKLaqbdY6W7W9Ej+jNRKzXP5/z+7gXWknOCpqiZg==",
      "cpu": [
        "arm64"
      ],
      "dev": true,
      "license": "MIT",
      "optional": true,
      "os": [
        "linux"
      ]
    },
    "node_modules/@supabase/cli-linux-x64": {
      "version": "2.104.0",
      "resolved": "https://registry.npmjs.org/@supabase/cli-linux-x64/-/cli-linux-x64-2.104.0.tgz",
      "integrity": "sha512-2ZmgMv/ViJY3TYEna0Ed0YNcFvBLYT+4k9RCRcly1HMuMebZ85D06s6km5YHQdo/3L/BoSYHh5kuN5xI6P94lw==",
      "cpu": [
        "x64"
      ],
      "dev": true,
      "license": "MIT",
      "optional": true,
      "os": [
        "linux"
      ]
    },
    "node_modules/@supabase/cli-linux-x64-musl": {
      "version": "2.104.0",
      "resolved": "https://registry.npmjs.org/@supabase/cli-linux-x64-musl/-/cli-linux-x64-musl-2.104.0.tgz",
      "integrity": "sha512-a6qt47EtNmWAc+Nmjt6slXvJfMCTTxl7Zio47Baj8M57UHKkF6hDQhkhlrJyj7ZI/1uKeEEAuzI+GP9q1Gq9CQ==",
      "cpu": [
        "x64"
      ],
      "dev": true,
      "license": "MIT",
      "optional": true,
      "os": [
        "linux"
      ]
    },
    "node_modules/@supabase/cli-windows-arm64": {
      "version": "2.104.0",
      "resolved": "https://registry.npmjs.org/@supabase/cli-windows-arm64/-/cli-windows-arm64-2.104.0.tgz",
      "integrity": "sha512-v+lBzh7C3PiKKdsgymdmCu5JhSBqpn+lx+c4/btpmg8ytJYVxzJ35YzsKXgPT8syfuJd/5pnowOqR5vltmCOmQ==",
      "cpu": [
        "arm64"
      ],
      "dev": true,
      "license": "MIT",
      "optional": true,
      "os": [
        "win32"
      ]
    },
    "node_modules/@supabase/cli-windows-x64": {
      "version": "2.104.0",
      "resolved": "https://registry.npmjs.org/@supabase/cli-windows-x64/-/cli-windows-x64-2.104.0.tgz",
      "integrity": "sha512-8jXnURCDTenYo+7bwja3RrLCuYRcQp7pbwbrzRhHsjkwtljK4d5Q/UDENYvgjBHe8q50olla+sbZYyjYvOaK2g==",
      "cpu": [
        "x64"
      ],
      "dev": true,
      "license": "MIT",
      "optional": true,
      "os": [
        "win32"
      ]
    },
    "node_modules/supabase": {
      "version": "2.104.0",
      "resolved": "https://registry.npmjs.org/supabase/-/supabase-2.104.0.tgz",
      "integrity": "sha512-RAX5ZQSX3BkdBEbG737idbVaVxbRxfsGsRQ7GPzM9F/xQbt9xF3Kf0x7x87mcBv9Vwog8eg/REjGWZxiWOHnXw==",
      "dev": true,
      "license": "MIT",
      "bin": {
        "supabase": "dist/supabase.js"
      },
      "optionalDependencies": {
        "@supabase/cli-darwin-arm64": "2.104.0",
        "@supabase/cli-darwin-x64": "2.104.0",
        "@supabase/cli-linux-arm64": "2.104.0",
        "@supabase/cli-linux-arm64-musl": "2.104.0",
        "@supabase/cli-linux-x64": "2.104.0",
        "@supabase/cli-linux-x64-musl": "2.104.0",
        "@supabase/cli-windows-arm64": "2.104.0",
        "@supabase/cli-windows-x64": "2.104.0"
      }
    }
  }
}
